// !$*UTF8*$!
{
	archiveVersion = 1;
	classes = {
	};
	objectVersion = 56;
	objects = {

/* Begin PBXBuildFile section */
		711B1ABE28FED22A00738E6B /* AppDelegate.swift in Sources */ = {isa = PBXBuildFile; fileRef = 711B1ABD28FED22A00738E6B /* AppDelegate.swift */; };
		711B1AC028FED22A00738E6B /* SceneDelegate.swift in Sources */ = {isa = PBXBuildFile; fileRef = 711B1ABF28FED22A00738E6B /* SceneDelegate.swift */; };
		711B1AC228FED22A00738E6B /* ViewController.swift in Sources */ = {isa = PBXBuildFile; fileRef = 711B1AC128FED22A00738E6B /* ViewController.swift */; };
		711B1AC728FED22B00738E6B /* Assets.xcassets in Resources */ = {isa = PBXBuildFile; fileRef = 711B1AC628FED22B00738E6B /* Assets.xcassets */; };
		711B1ACA28FED22B00738E6B /* LaunchScreen.storyboard in Resources */ = {isa = PBXBuildFile; fileRef = 711B1AC828FED22B00738E6B /* LaunchScreen.storyboard */; };
		711B1AD228FED28D00738E6B /* Main.storyboard in Resources */ = {isa = PBXBuildFile; fileRef = 711B1AD128FED28D00738E6B /* Main.storyboard */; };
		711B1ADA28FED40900738E6B /* ConversationsController.swift in Sources */ = {isa = PBXBuildFile; fileRef = 711B1AD928FED40900738E6B /* ConversationsController.swift */; };
		711B1ADD28FF445400738E6B /* LoginController.swift in Sources */ = {isa = PBXBuildFile; fileRef = 711B1ADC28FF445400738E6B /* LoginController.swift */; };
		711B1ADF28FF446200738E6B /* RegistrationController.swift in Sources */ = {isa = PBXBuildFile; fileRef = 711B1ADE28FF446200738E6B /* RegistrationController.swift */; };
		7120389F2901403800643EC6 /* AuthService.swift in Sources */ = {isa = PBXBuildFile; fileRef = 7120389E2901403800643EC6 /* AuthService.swift */; };
		716E6220290063A700CBA019 /* GoogleService-Info.plist in Resources */ = {isa = PBXBuildFile; fileRef = 716E621F290063A700CBA019 /* GoogleService-Info.plist */; };
		716E6223290064D300CBA019 /* FirebaseAuth in Frameworks */ = {isa = PBXBuildFile; productRef = 716E6222290064D300CBA019 /* FirebaseAuth */; };
		716E6225290064D300CBA019 /* FirebaseFirestore in Frameworks */ = {isa = PBXBuildFile; productRef = 716E6224290064D300CBA019 /* FirebaseFirestore */; };
		716E6227290064D300CBA019 /* FirebaseStorage in Frameworks */ = {isa = PBXBuildFile; productRef = 716E6226290064D300CBA019 /* FirebaseStorage */; };
		716E622A2900650900CBA019 /* SDWebImage in Frameworks */ = {isa = PBXBuildFile; productRef = 716E62292900650900CBA019 /* SDWebImage */; };
		716E622D2900654A00CBA019 /* JGProgressHUD in Frameworks */ = {isa = PBXBuildFile; productRef = 716E622C2900654A00CBA019 /* JGProgressHUD */; };
		71864E822901C3BA00EBFD5A /* NewMessageController.swift in Sources */ = {isa = PBXBuildFile; fileRef = 71864E812901C3BA00EBFD5A /* NewMessageController.swift */; };
		719F1BFD2902D0E30033FD2A /* ChatController.swift in Sources */ = {isa = PBXBuildFile; fileRef = 719F1BFC2902D0E30033FD2A /* ChatController.swift */; };
		719F1BFF2902DF160033FD2A /* CustomInputAccessoryView.swift in Sources */ = {isa = PBXBuildFile; fileRef = 719F1BFE2902DF160033FD2A /* CustomInputAccessoryView.swift */; };
		71D21CC12901D18500117DE0 /* UserCell.swift in Sources */ = {isa = PBXBuildFile; fileRef = 71D21CC02901D18500117DE0 /* UserCell.swift */; };
		71DC83B228FFE66300164CA8 /* Extensions.swift in Sources */ = {isa = PBXBuildFile; fileRef = 71DC83B128FFE66300164CA8 /* Extensions.swift */; };
		71DC83B428FFF9DF00164CA8 /* InputContainerView.swift in Sources */ = {isa = PBXBuildFile; fileRef = 71DC83B328FFF9DF00164CA8 /* InputContainerView.swift */; };
		71DC83B628FFFC5000164CA8 /* CustomTextField.swift in Sources */ = {isa = PBXBuildFile; fileRef = 71DC83B528FFFC5000164CA8 /* CustomTextField.swift */; };
		71E86E63290012AB008FABF8 /* LoginViewModel.swift in Sources */ = {isa = PBXBuildFile; fileRef = 71E86E62290012AB008FABF8 /* LoginViewModel.swift */; };
		71E86E6529001946008FABF8 /* RegisterViewModel.swift in Sources */ = {isa = PBXBuildFile; fileRef = 71E86E6429001946008FABF8 /* RegisterViewModel.swift */; };
		71F5D47029028A29003BE3AD /* User.swift in Sources */ = {isa = PBXBuildFile; fileRef = 71F5D46F29028A29003BE3AD /* User.swift */; };
		71F5D47229028A94003BE3AD /* Service.swift in Sources */ = {isa = PBXBuildFile; fileRef = 71F5D47129028A94003BE3AD /* Service.swift */; };
/* End PBXBuildFile section */

/* Begin PBXFileReference section */
		711B1ABA28FED22A00738E6B /* Ogus Chat.app */ = {isa = PBXFileReference; explicitFileType = wrapper.application; includeInIndex = 0; path = "Ogus Chat.app"; sourceTree = BUILT_PRODUCTS_DIR; };
		711B1ABD28FED22A00738E6B /* AppDelegate.swift */ = {isa = PBXFileReference; lastKnownFileType = sourcecode.swift; path = AppDelegate.swift; sourceTree = "<group>"; };
		711B1ABF28FED22A00738E6B /* SceneDelegate.swift */ = {isa = PBXFileReference; lastKnownFileType = sourcecode.swift; path = SceneDelegate.swift; sourceTree = "<group>"; };
		711B1AC128FED22A00738E6B /* ViewController.swift */ = {isa = PBXFileReference; lastKnownFileType = sourcecode.swift; path = ViewController.swift; sourceTree = "<group>"; };
		711B1AC628FED22B00738E6B /* Assets.xcassets */ = {isa = PBXFileReference; lastKnownFileType = folder.assetcatalog; path = Assets.xcassets; sourceTree = "<group>"; };
		711B1AC928FED22B00738E6B /* Base */ = {isa = PBXFileReference; lastKnownFileType = file.storyboard; name = Base; path = Base.lproj/LaunchScreen.storyboard; sourceTree = "<group>"; };
		711B1ACB28FED22B00738E6B /* Info.plist */ = {isa = PBXFileReference; lastKnownFileType = text.plist.xml; path = Info.plist; sourceTree = "<group>"; };
		711B1AD128FED28D00738E6B /* Main.storyboard */ = {isa = PBXFileReference; fileEncoding = 4; lastKnownFileType = file.storyboard; path = Main.storyboard; sourceTree = "<group>"; };
		711B1AD928FED40900738E6B /* ConversationsController.swift */ = {isa = PBXFileReference; lastKnownFileType = sourcecode.swift; path = ConversationsController.swift; sourceTree = "<group>"; };
		711B1ADC28FF445400738E6B /* LoginController.swift */ = {isa = PBXFileReference; lastKnownFileType = sourcecode.swift; path = LoginController.swift; sourceTree = "<group>"; };
		711B1ADE28FF446200738E6B /* RegistrationController.swift */ = {isa = PBXFileReference; lastKnownFileType = sourcecode.swift; path = RegistrationController.swift; sourceTree = "<group>"; };
		7120389E2901403800643EC6 /* AuthService.swift */ = {isa = PBXFileReference; lastKnownFileType = sourcecode.swift; path = AuthService.swift; sourceTree = "<group>"; };
		716E621F290063A700CBA019 /* GoogleService-Info.plist */ = {isa = PBXFileReference; lastKnownFileType = text.plist; path = "GoogleService-Info.plist"; sourceTree = SOURCE_ROOT; };
		71864E812901C3BA00EBFD5A /* NewMessageController.swift */ = {isa = PBXFileReference; lastKnownFileType = sourcecode.swift; path = NewMessageController.swift; sourceTree = "<group>"; };
		719F1BFC2902D0E30033FD2A /* ChatController.swift */ = {isa = PBXFileReference; lastKnownFileType = sourcecode.swift; path = ChatController.swift; sourceTree = "<group>"; };
		719F1BFE2902DF160033FD2A /* CustomInputAccessoryView.swift */ = {isa = PBXFileReference; lastKnownFileType = sourcecode.swift; path = CustomInputAccessoryView.swift; sourceTree = "<group>"; };
		71D21CC02901D18500117DE0 /* UserCell.swift */ = {isa = PBXFileReference; lastKnownFileType = sourcecode.swift; path = UserCell.swift; sourceTree = "<group>"; };
		71DC83B128FFE66300164CA8 /* Extensions.swift */ = {isa = PBXFileReference; lastKnownFileType = sourcecode.swift; path = Extensions.swift; sourceTree = "<group>"; };
		71DC83B328FFF9DF00164CA8 /* InputContainerView.swift */ = {isa = PBXFileReference; lastKnownFileType = sourcecode.swift; path = InputContainerView.swift; sourceTree = "<group>"; };
		71DC83B528FFFC5000164CA8 /* CustomTextField.swift */ = {isa = PBXFileReference; lastKnownFileType = sourcecode.swift; path = CustomTextField.swift; sourceTree = "<group>"; };
		71E86E62290012AB008FABF8 /* LoginViewModel.swift */ = {isa = PBXFileReference; lastKnownFileType = sourcecode.swift; path = LoginViewModel.swift; sourceTree = "<group>"; };
		71E86E6429001946008FABF8 /* RegisterViewModel.swift */ = {isa = PBXFileReference; lastKnownFileType = sourcecode.swift; path = RegisterViewModel.swift; sourceTree = "<group>"; };
		71F5D46F29028A29003BE3AD /* User.swift */ = {isa = PBXFileReference; lastKnownFileType = sourcecode.swift; path = User.swift; sourceTree = "<group>"; };
		71F5D47129028A94003BE3AD /* Service.swift */ = {isa = PBXFileReference; lastKnownFileType = sourcecode.swift; path = Service.swift; sourceTree = "<group>"; };
/* End PBXFileReference section */

/* Begin PBXFrameworksBuildPhase section */
		711B1AB728FED22A00738E6B /* Frameworks */ = {
			isa = PBXFrameworksBuildPhase;
			buildActionMask = 2147483647;
			files = (
				716E6223290064D300CBA019 /* FirebaseAuth in Frameworks */,
				716E6225290064D300CBA019 /* FirebaseFirestore in Frameworks */,
				716E622A2900650900CBA019 /* SDWebImage in Frameworks */,
				716E6227290064D300CBA019 /* FirebaseStorage in Frameworks */,
				716E622D2900654A00CBA019 /* JGProgressHUD in Frameworks */,
			);
			runOnlyForDeploymentPostprocessing = 0;
		};
/* End PBXFrameworksBuildPhase section */

/* Begin PBXGroup section */
		711B1AB128FED22A00738E6B = {
			isa = PBXGroup;
			children = (
				711B1ABC28FED22A00738E6B /* Ogus Chat */,
				711B1ABB28FED22A00738E6B /* Products */,
			);
			sourceTree = "<group>";
		};
		711B1ABB28FED22A00738E6B /* Products */ = {
			isa = PBXGroup;
			children = (
				711B1ABA28FED22A00738E6B /* Ogus Chat.app */,
			);
			name = Products;
			sourceTree = "<group>";
		};
		711B1ABC28FED22A00738E6B /* Ogus Chat */ = {
			isa = PBXGroup;
			children = (
				711B1AD828FED2FB00738E6B /* Model */,
				711B1AD728FED2F900738E6B /* View */,
				711B1AD628FED2F500738E6B /* ViewModel */,
				711B1AD528FED2F000738E6B /* Controller */,
				711B1AD428FED2EE00738E6B /* API */,
				711B1AD328FED2EA00738E6B /* Utils */,
				71864E802901BE5300EBFD5A /* Delegates */,
				711B1AC128FED22A00738E6B /* ViewController.swift */,
				711B1AC628FED22B00738E6B /* Assets.xcassets */,
				711B1AD128FED28D00738E6B /* Main.storyboard */,
				711B1AC828FED22B00738E6B /* LaunchScreen.storyboard */,
				711B1ACB28FED22B00738E6B /* Info.plist */,
				716E621F290063A700CBA019 /* GoogleService-Info.plist */,
			);
			path = "Ogus Chat";
			sourceTree = "<group>";
		};
		711B1AD328FED2EA00738E6B /* Utils */ = {
			isa = PBXGroup;
			children = (
				71DC83B128FFE66300164CA8 /* Extensions.swift */,
			);
			path = Utils;
			sourceTree = "<group>";
		};
		711B1AD428FED2EE00738E6B /* API */ = {
			isa = PBXGroup;
			children = (
				7120389E2901403800643EC6 /* AuthService.swift */,
				71F5D47129028A94003BE3AD /* Service.swift */,
			);
			path = API;
			sourceTree = "<group>";
		};
		711B1AD528FED2F000738E6B /* Controller */ = {
			isa = PBXGroup;
			children = (
				711B1ADB28FF443600738E6B /* Authentication */,
				711B1AD928FED40900738E6B /* ConversationsController.swift */,
				71864E812901C3BA00EBFD5A /* NewMessageController.swift */,
				719F1BFC2902D0E30033FD2A /* ChatController.swift */,
			);
			path = Controller;
			sourceTree = "<group>";
		};
		711B1AD628FED2F500738E6B /* ViewModel */ = {
			isa = PBXGroup;
			children = (
				71E86E62290012AB008FABF8 /* LoginViewModel.swift */,
				71E86E6429001946008FABF8 /* RegisterViewModel.swift */,
			);
			path = ViewModel;
			sourceTree = "<group>";
		};
		711B1AD728FED2F900738E6B /* View */ = {
			isa = PBXGroup;
			children = (
				71DC83B328FFF9DF00164CA8 /* InputContainerView.swift */,
				71DC83B528FFFC5000164CA8 /* CustomTextField.swift */,
				71D21CC02901D18500117DE0 /* UserCell.swift */,
				719F1BFE2902DF160033FD2A /* CustomInputAccessoryView.swift */,
			);
			path = View;
			sourceTree = "<group>";
		};
		711B1AD828FED2FB00738E6B /* Model */ = {
			isa = PBXGroup;
			children = (
				71F5D46F29028A29003BE3AD /* User.swift */,
			);
			path = Model;
			sourceTree = "<group>";
		};
		711B1ADB28FF443600738E6B /* Authentication */ = {
			isa = PBXGroup;
			children = (
				711B1ADC28FF445400738E6B /* LoginController.swift */,
				711B1ADE28FF446200738E6B /* RegistrationController.swift */,
			);
			path = Authentication;
			sourceTree = "<group>";
		};
		71864E802901BE5300EBFD5A /* Delegates */ = {
			isa = PBXGroup;
			children = (
				711B1ABD28FED22A00738E6B /* AppDelegate.swift */,
				711B1ABF28FED22A00738E6B /* SceneDelegate.swift */,
			);
			path = Delegates;
			sourceTree = "<group>";
		};
/* End PBXGroup section */

/* Begin PBXNativeTarget section */
		711B1AB928FED22A00738E6B /* Ogus Chat */ = {
			isa = PBXNativeTarget;
			buildConfigurationList = 711B1ACE28FED22B00738E6B /* Build configuration list for PBXNativeTarget "Ogus Chat" */;
			buildPhases = (
				711B1AB628FED22A00738E6B /* Sources */,
				711B1AB728FED22A00738E6B /* Frameworks */,
				711B1AB828FED22A00738E6B /* Resources */,
			);
			buildRules = (
			);
			dependencies = (
			);
			name = "Ogus Chat";
			packageProductDependencies = (
				716E6222290064D300CBA019 /* FirebaseAuth */,
				716E6224290064D300CBA019 /* FirebaseFirestore */,
				716E6226290064D300CBA019 /* FirebaseStorage */,
				716E62292900650900CBA019 /* SDWebImage */,
				716E622C2900654A00CBA019 /* JGProgressHUD */,
			);
			productName = "Ogus Chat";
			productReference = 711B1ABA28FED22A00738E6B /* Ogus Chat.app */;
			productType = "com.apple.product-type.application";
		};
/* End PBXNativeTarget section */

/* Begin PBXProject section */
		711B1AB228FED22A00738E6B /* Project object */ = {
			isa = PBXProject;
			attributes = {
				BuildIndependentTargetsInParallel = 1;
				LastSwiftUpdateCheck = 1400;
				LastUpgradeCheck = 1400;
				TargetAttributes = {
					711B1AB928FED22A00738E6B = {
						CreatedOnToolsVersion = 14.0;
					};
				};
			};
			buildConfigurationList = 711B1AB528FED22A00738E6B /* Build configuration list for PBXProject "Ogus Chat" */;
			compatibilityVersion = "Xcode 14.0";
			developmentRegion = en;
			hasScannedForEncodings = 0;
			knownRegions = (
				en,
				Base,
			);
			mainGroup = 711B1AB128FED22A00738E6B;
			packageReferences = (
				716E6221290064D300CBA019 /* XCRemoteSwiftPackageReference "firebase-ios-sdk" */,
				716E62282900650900CBA019 /* XCRemoteSwiftPackageReference "SDWebImage" */,
				716E622B2900654A00CBA019 /* XCRemoteSwiftPackageReference "JGProgressHUD" */,
			);
			productRefGroup = 711B1ABB28FED22A00738E6B /* Products */;
			projectDirPath = "";
			projectRoot = "";
			targets = (
				711B1AB928FED22A00738E6B /* Ogus Chat */,
			);
		};
/* End PBXProject section */

/* Begin PBXResourcesBuildPhase section */
		711B1AB828FED22A00738E6B /* Resources */ = {
			isa = PBXResourcesBuildPhase;
			buildActionMask = 2147483647;
			files = (
				711B1AD228FED28D00738E6B /* Main.storyboard in Resources */,
				716E6220290063A700CBA019 /* GoogleService-Info.plist in Resources */,
				711B1ACA28FED22B00738E6B /* LaunchScreen.storyboard in Resources */,
				711B1AC728FED22B00738E6B /* Assets.xcassets in Resources */,
			);
			runOnlyForDeploymentPostprocessing = 0;
		};
/* End PBXResourcesBuildPhase section */

/* Begin PBXSourcesBuildPhase section */
		711B1AB628FED22A00738E6B /* Sources */ = {
			isa = PBXSourcesBuildPhase;
			buildActionMask = 2147483647;
			files = (
				711B1AC228FED22A00738E6B /* ViewController.swift in Sources */,
				71DC83B428FFF9DF00164CA8 /* InputContainerView.swift in Sources */,
				711B1ABE28FED22A00738E6B /* AppDelegate.swift in Sources */,
				7120389F2901403800643EC6 /* AuthService.swift in Sources */,
				711B1ADA28FED40900738E6B /* ConversationsController.swift in Sources */,
				71E86E6529001946008FABF8 /* RegisterViewModel.swift in Sources */,
				71D21CC12901D18500117DE0 /* UserCell.swift in Sources */,
				711B1AC028FED22A00738E6B /* SceneDelegate.swift in Sources */,
				71F5D47029028A29003BE3AD /* User.swift in Sources */,
				71F5D47229028A94003BE3AD /* Service.swift in Sources */,
				711B1ADF28FF446200738E6B /* RegistrationController.swift in Sources */,
				719F1BFD2902D0E30033FD2A /* ChatController.swift in Sources */,
				711B1ADD28FF445400738E6B /* LoginController.swift in Sources */,
				71DC83B228FFE66300164CA8 /* Extensions.swift in Sources */,
				71E86E63290012AB008FABF8 /* LoginViewModel.swift in Sources */,
				71DC83B628FFFC5000164CA8 /* CustomTextField.swift in Sources */,
				71864E822901C3BA00EBFD5A /* NewMessageController.swift in Sources */,
				719F1BFF2902DF160033FD2A /* CustomInputAccessoryView.swift in Sources */,
			);
			runOnlyForDeploymentPostprocessing = 0;
		};
/* End PBXSourcesBuildPhase section */

/* Begin PBXVariantGroup section */
		711B1AC828FED22B00738E6B /* LaunchScreen.storyboard */ = {
			isa = PBXVariantGroup;
			children = (
				711B1AC928FED22B00738E6B /* Base */,
			);
			name = LaunchScreen.storyboard;
			sourceTree = "<group>";
		};
/* End PBXVariantGroup section */

/* Begin XCBuildConfiguration section */
		711B1ACC28FED22B00738E6B /* Debug */ = {
			isa = XCBuildConfiguration;
			buildSettings = {
				ALWAYS_SEARCH_USER_PATHS = NO;
				CLANG_ANALYZER_NONNULL = YES;
				CLANG_ANALYZER_NUMBER_OBJECT_CONVERSION = YES_AGGRESSIVE;
				CLANG_CXX_LANGUAGE_STANDARD = "gnu++20";
				CLANG_ENABLE_MODULES = YES;
				CLANG_ENABLE_OBJC_ARC = YES;
				CLANG_ENABLE_OBJC_WEAK = YES;
				CLANG_WARN_BLOCK_CAPTURE_AUTORELEASING = YES;
				CLANG_WARN_BOOL_CONVERSION = YES;
				CLANG_WARN_COMMA = YES;
				CLANG_WARN_CONSTANT_CONVERSION = YES;
				CLANG_WARN_DEPRECATED_OBJC_IMPLEMENTATIONS = YES;
				CLANG_WARN_DIRECT_OBJC_ISA_USAGE = YES_ERROR;
				CLANG_WARN_DOCUMENTATION_COMMENTS = YES;
				CLANG_WARN_EMPTY_BODY = YES;
				CLANG_WARN_ENUM_CONVERSION = YES;
				CLANG_WARN_INFINITE_RECURSION = YES;
				CLANG_WARN_INT_CONVERSION = YES;
				CLANG_WARN_NON_LITERAL_NULL_CONVERSION = YES;
				CLANG_WARN_OBJC_IMPLICIT_RETAIN_SELF = YES;
				CLANG_WARN_OBJC_LITERAL_CONVERSION = YES;
				CLANG_WARN_OBJC_ROOT_CLASS = YES_ERROR;
				CLANG_WARN_QUOTED_INCLUDE_IN_FRAMEWORK_HEADER = YES;
				CLANG_WARN_RANGE_LOOP_ANALYSIS = YES;
				CLANG_WARN_STRICT_PROTOTYPES = YES;
				CLANG_WARN_SUSPICIOUS_MOVE = YES;
				CLANG_WARN_UNGUARDED_AVAILABILITY = YES_AGGRESSIVE;
				CLANG_WARN_UNREACHABLE_CODE = YES;
				CLANG_WARN__DUPLICATE_METHOD_MATCH = YES;
				COPY_PHASE_STRIP = NO;
				DEBUG_INFORMATION_FORMAT = dwarf;
				ENABLE_STRICT_OBJC_MSGSEND = YES;
				ENABLE_TESTABILITY = YES;
				GCC_C_LANGUAGE_STANDARD = gnu11;
				GCC_DYNAMIC_NO_PIC = NO;
				GCC_NO_COMMON_BLOCKS = YES;
				GCC_OPTIMIZATION_LEVEL = 0;
				GCC_PREPROCESSOR_DEFINITIONS = (
					"DEBUG=1",
					"$(inherited)",
				);
				GCC_WARN_64_TO_32_BIT_CONVERSION = YES;
				GCC_WARN_ABOUT_RETURN_TYPE = YES_ERROR;
				GCC_WARN_UNDECLARED_SELECTOR = YES;
				GCC_WARN_UNINITIALIZED_AUTOS = YES_AGGRESSIVE;
				GCC_WARN_UNUSED_FUNCTION = YES;
				GCC_WARN_UNUSED_VARIABLE = YES;
				IPHONEOS_DEPLOYMENT_TARGET = 16.0;
				MTL_ENABLE_DEBUG_INFO = INCLUDE_SOURCE;
				MTL_FAST_MATH = YES;
				ONLY_ACTIVE_ARCH = YES;
				SDKROOT = iphoneos;
				SWIFT_ACTIVE_COMPILATION_CONDITIONS = DEBUG;
				SWIFT_OPTIMIZATION_LEVEL = "-Onone";
			};
			name = Debug;
		};
		711B1ACD28FED22B00738E6B /* Release */ = {
			isa = XCBuildConfiguration;
			buildSettings = {
				ALWAYS_SEARCH_USER_PATHS = NO;
				CLANG_ANALYZER_NONNULL = YES;
				CLANG_ANALYZER_NUMBER_OBJECT_CONVERSION = YES_AGGRESSIVE;
				CLANG_CXX_LANGUAGE_STANDARD = "gnu++20";
				CLANG_ENABLE_MODULES = YES;
				CLANG_ENABLE_OBJC_ARC = YES;
				CLANG_ENABLE_OBJC_WEAK = YES;
				CLANG_WARN_BLOCK_CAPTURE_AUTORELEASING = YES;
				CLANG_WARN_BOOL_CONVERSION = YES;
				CLANG_WARN_COMMA = YES;
				CLANG_WARN_CONSTANT_CONVERSION = YES;
				CLANG_WARN_DEPRECATED_OBJC_IMPLEMENTATIONS = YES;
				CLANG_WARN_DIRECT_OBJC_ISA_USAGE = YES_ERROR;
				CLANG_WARN_DOCUMENTATION_COMMENTS = YES;
				CLANG_WARN_EMPTY_BODY = YES;
				CLANG_WARN_ENUM_CONVERSION = YES;
				CLANG_WARN_INFINITE_RECURSION = YES;
				CLANG_WARN_INT_CONVERSION = YES;
				CLANG_WARN_NON_LITERAL_NULL_CONVERSION = YES;
				CLANG_WARN_OBJC_IMPLICIT_RETAIN_SELF = YES;
				CLANG_WARN_OBJC_LITERAL_CONVERSION = YES;
				CLANG_WARN_OBJC_ROOT_CLASS = YES_ERROR;
				CLANG_WARN_QUOTED_INCLUDE_IN_FRAMEWORK_HEADER = YES;
				CLANG_WARN_RANGE_LOOP_ANALYSIS = YES;
				CLANG_WARN_STRICT_PROTOTYPES = YES;
				CLANG_WARN_SUSPICIOUS_MOVE = YES;
				CLANG_WARN_UNGUARDED_AVAILABILITY = YES_AGGRESSIVE;
				CLANG_WARN_UNREACHABLE_CODE = YES;
				CLANG_WARN__DUPLICATE_METHOD_MATCH = YES;
				COPY_PHASE_STRIP = NO;
				DEBUG_INFORMATION_FORMAT = "dwarf-with-dsym";
				ENABLE_NS_ASSERTIONS = NO;
				ENABLE_STRICT_OBJC_MSGSEND = YES;
				GCC_C_LANGUAGE_STANDARD = gnu11;
				GCC_NO_COMMON_BLOCKS = YES;
				GCC_WARN_64_TO_32_BIT_CONVERSION = YES;
				GCC_WARN_ABOUT_RETURN_TYPE = YES_ERROR;
				GCC_WARN_UNDECLARED_SELECTOR = YES;
				GCC_WARN_UNINITIALIZED_AUTOS = YES_AGGRESSIVE;
				GCC_WARN_UNUSED_FUNCTION = YES;
				GCC_WARN_UNUSED_VARIABLE = YES;
				IPHONEOS_DEPLOYMENT_TARGET = 16.0;
				MTL_ENABLE_DEBUG_INFO = NO;
				MTL_FAST_MATH = YES;
				SDKROOT = iphoneos;
				SWIFT_COMPILATION_MODE = wholemodule;
				SWIFT_OPTIMIZATION_LEVEL = "-O";
				VALIDATE_PRODUCT = YES;
			};
			name = Release;
		};
		711B1ACF28FED22B00738E6B /* Debug */ = {
			isa = XCBuildConfiguration;
			buildSettings = {
				ASSETCATALOG_COMPILER_APPICON_NAME = AppIcon;
				ASSETCATALOG_COMPILER_GLOBAL_ACCENT_COLOR_NAME = AccentColor;
				CODE_SIGN_STYLE = Automatic;
				CURRENT_PROJECT_VERSION = 1;
				DEVELOPMENT_TEAM = FAHJ57W2W9;
				GENERATE_INFOPLIST_FILE = YES;
				INFOPLIST_FILE = "Ogus Chat/Info.plist";
				INFOPLIST_KEY_UIApplicationSupportsIndirectInputEvents = YES;
				INFOPLIST_KEY_UILaunchStoryboardName = LaunchScreen;
				INFOPLIST_KEY_UIMainStoryboardFile = Main;
				INFOPLIST_KEY_UISupportedInterfaceOrientations_iPad = "UIInterfaceOrientationPortrait UIInterfaceOrientationPortraitUpsideDown UIInterfaceOrientationLandscapeLeft UIInterfaceOrientationLandscapeRight";
				INFOPLIST_KEY_UISupportedInterfaceOrientations_iPhone = "UIInterfaceOrientationPortrait UIInterfaceOrientationLandscapeLeft UIInterfaceOrientationLandscapeRight";
				LD_RUNPATH_SEARCH_PATHS = (
					"$(inherited)",
					"@executable_path/Frameworks",
				);
				MARKETING_VERSION = 1.0;
				PRODUCT_BUNDLE_IDENTIFIER = "com.oguzhankin.Ogus-Chat";
				PRODUCT_NAME = "$(TARGET_NAME)";
				SWIFT_EMIT_LOC_STRINGS = YES;
				SWIFT_VERSION = 5.0;
				TARGETED_DEVICE_FAMILY = "1,2";
			};
			name = Debug;
		};
		711B1AD028FED22B00738E6B /* Release */ = {
			isa = XCBuildConfiguration;
			buildSettings = {
				ASSETCATALOG_COMPILER_APPICON_NAME = AppIcon;
				ASSETCATALOG_COMPILER_GLOBAL_ACCENT_COLOR_NAME = AccentColor;
				CODE_SIGN_STYLE = Automatic;
				CURRENT_PROJECT_VERSION = 1;
				DEVELOPMENT_TEAM = FAHJ57W2W9;
				GENERATE_INFOPLIST_FILE = YES;
				INFOPLIST_FILE = "Ogus Chat/Info.plist";
				INFOPLIST_KEY_UIApplicationSupportsIndirectInputEvents = YES;
				INFOPLIST_KEY_UILaunchStoryboardName = LaunchScreen;
				INFOPLIST_KEY_UIMainStoryboardFile = Main;
				INFOPLIST_KEY_UISupportedInterfaceOrientations_iPad = "UIInterfaceOrientationPortrait UIInterfaceOrientationPortraitUpsideDown UIInterfaceOrientationLandscapeLeft UIInterfaceOrientationLandscapeRight";
				INFOPLIST_KEY_UISupportedInterfaceOrientations_iPhone = "UIInterfaceOrientationPortrait UIInterfaceOrientationLandscapeLeft UIInterfaceOrientationLandscapeRight";
				LD_RUNPATH_SEARCH_PATHS = (
					"$(inherited)",
					"@executable_path/Frameworks",
				);
				MARKETING_VERSION = 1.0;
				PRODUCT_BUNDLE_IDENTIFIER = "com.oguzhankin.Ogus-Chat";
				PRODUCT_NAME = "$(TARGET_NAME)";
				SWIFT_EMIT_LOC_STRINGS = YES;
				SWIFT_VERSION = 5.0;
				TARGETED_DEVICE_FAMILY = "1,2";
			};
			name = Release;
		};
/* End XCBuildConfiguration section */

/* Begin XCConfigurationList section */
		711B1AB528FED22A00738E6B /* Build configuration list for PBXProject "Ogus Chat" */ = {
			isa = XCConfigurationList;
			buildConfigurations = (
				711B1ACC28FED22B00738E6B /* Debug */,
				711B1ACD28FED22B00738E6B /* Release */,
			);
			defaultConfigurationIsVisible = 0;
			defaultConfigurationName = Release;
		};
		711B1ACE28FED22B00738E6B /* Build configuration list for PBXNativeTarget "Ogus Chat" */ = {
			isa = XCConfigurationList;
			buildConfigurations = (
				711B1ACF28FED22B00738E6B /* Debug */,
				711B1AD028FED22B00738E6B /* Release */,
			);
			defaultConfigurationIsVisible = 0;
			defaultConfigurationName = Release;
		};
/* End XCConfigurationList section */

/* Begin XCRemoteSwiftPackageReference section */
		716E6221290064D300CBA019 /* XCRemoteSwiftPackageReference "firebase-ios-sdk" */ = {
			isa = XCRemoteSwiftPackageReference;
			repositoryURL = "https://github.com/firebase/firebase-ios-sdk.git";
			requirement = {
				kind = upToNextMajorVersion;
				minimumVersion = 9.0.0;
			};
		};
		716E62282900650900CBA019 /* XCRemoteSwiftPackageReference "SDWebImage" */ = {
			isa = XCRemoteSwiftPackageReference;
			repositoryURL = "https://github.com/SDWebImage/SDWebImage.git";
			requirement = {
				branch = master;
				kind = branch;
			};
		};
		716E622B2900654A00CBA019 /* XCRemoteSwiftPackageReference "JGProgressHUD" */ = {
			isa = XCRemoteSwiftPackageReference;
			repositoryURL = "https://github.com/JonasGessner/JGProgressHUD.git";
			requirement = {
				branch = master;
				kind = branch;
			};
		};
/* End XCRemoteSwiftPackageReference section */

/* Begin XCSwiftPackageProductDependency section */
		716E6222290064D300CBA019 /* FirebaseAuth */ = {
			isa = XCSwiftPackageProductDependency;
			package = 716E6221290064D300CBA019 /* XCRemoteSwiftPackageReference "firebase-ios-sdk" */;
			productName = FirebaseAuth;
		};
		716E6224290064D300CBA019 /* FirebaseFirestore */ = {
			isa = XCSwiftPackageProductDependency;
			package = 716E6221290064D300CBA019 /* XCRemoteSwiftPackageReference "firebase-ios-sdk" */;
			productName = FirebaseFirestore;
		};
		716E6226290064D300CBA019 /* FirebaseStorage */ = {
			isa = XCSwiftPackageProductDependency;
			package = 716E6221290064D300CBA019 /* XCRemoteSwiftPackageReference "firebase-ios-sdk" */;
			productName = FirebaseStorage;
		};
		716E62292900650900CBA019 /* SDWebImage */ = {
			isa = XCSwiftPackageProductDependency;
			package = 716E62282900650900CBA019 /* XCRemoteSwiftPackageReference "SDWebImage" */;
			productName = SDWebImage;
		};
		716E622C2900654A00CBA019 /* JGProgressHUD */ = {
			isa = XCSwiftPackageProductDependency;
			package = 716E622B2900654A00CBA019 /* XCRemoteSwiftPackageReference "JGProgressHUD" */;
			productName = JGProgressHUD;
		};
/* End XCSwiftPackageProductDependency section */
	};
	rootObject = 711B1AB228FED22A00738E6B /* Project object */;
}
